// !$*UTF8*$!
{
	archiveVersion = 1;
	classes = {
	};
	objectVersion = 110;
	objects = {

/* Begin PBXContainerItemProxy section */
		444DF7EB2FEAC5A100F9B487 /* PBXContainerItemProxy */ = {
			isa = PBXContainerItemProxy;
			containerPortal = 444DF7D42FEAC5A000F9B487 /* Project object */;
			proxyType = 1;
			remoteGlobalIDString = 444DF7DB2FEAC5A000F9B487;
			remoteInfo = FanControl;
		};
		444DF7F52FEAC5A100F9B487 /* PBXContainerItemProxy */ = {
			isa = PBXContainerItemProxy;
			containerPortal = 444DF7D42FEAC5A000F9B487 /* Project object */;
			proxyType = 1;
			remoteGlobalIDString = 444DF7DB2FEAC5A000F9B487;
			remoteInfo = FanControl;
		};
/* End PBXContainerItemProxy section */

/* Begin PBXFileReference section */
		444DF7DC2FEAC5A000F9B487 /* FanControl.app */ = {isa = PBXFileReference; explicitFileType = wrapper.application; includeInIndex = 0; path = FanControl.app; sourceTree = BUILT_PRODUCTS_DIR; };
		444DF7EA2FEAC5A100F9B487 /* FanControlTests.xctest */ = {isa = PBXFileReference; explicitFileType = wrapper.cfbundle; includeInIndex = 0; path = FanControlTests.xctest; sourceTree = BUILT_PRODUCTS_DIR; };
		444DF7F42FEAC5A100F9B487 /* FanControlUITests.xctest */ = {isa = PBXFileReference; explicitFileType = wrapper.cfbundle; includeInIndex = 0; path = FanControlUITests.xctest; sourceTree = BUILT_PRODUCTS_DIR; };
/* End PBXFileReference section */

/* Begin PBXFileSystemSynchronizedRootGroup section */
		444DF7DE2FEAC5A000F9B487 /* FanControl */ = {
			isa = PBXFileSystemSynchronizedRootGroup;
			path = FanControl;
			sourceTree = "<group>";
		};
		444DF7ED2FEAC5A100F9B487 /* FanControlTests */ = {
			isa = PBXFileSystemSynchronizedRootGroup;
			path = FanControlTests;
			sourceTree = "<group>";
		};
		444DF7F72FEAC5A100F9B487 /* FanControlUITests */ = {
			isa = PBXFileSystemSynchronizedRootGroup;
			path = FanControlUITests;
			sourceTree = "<group>";
		};
/* End PBXFileSystemSynchronizedRootGroup section */

/* Begin PBXFrameworksBuildPhase section */
		444DF7D92FEAC5A000F9B487 /* Frameworks */ = {
			isa = PBXFrameworksBuildPhase;
			files = (
			);
		};
		444DF7E72FEAC5A100F9B487 /* Frameworks */ = {
			isa = PBXFrameworksBuildPhase;
			files = (
			);
		};
		444DF7F12FEAC5A100F9B487 /* Frameworks */ = {
			isa = PBXFrameworksBuildPhase;
			files = (
			);
		};
/* End PBXFrameworksBuildPhase section */

/* Begin PBXGroup section */
		444DF7D32FEAC5A000F9B487 = {
			isa = PBXGroup;
			children = (
				444DF7DE2FEAC5A000F9B487 /* FanControl */,
				444DF7ED2FEAC5A100F9B487 /* FanControlTests */,
				444DF7F72FEAC5A100F9B487 /* FanControlUITests */,
				444DF7DD2FEAC5A000F9B487 /* Products */,
			);
			sourceTree = "<group>";
		};
		444DF7DD2FEAC5A000F9B487 /* Products */ = {
			isa = PBXGroup;
			children = (
				444DF7DC2FEAC5A000F9B487 /* FanControl.app */,
				444DF7EA2FEAC5A100F9B487 /* FanControlTests.xctest */,
				444DF7F42FEAC5A100F9B487 /* FanControlUITests.xctest */,
			);
			name = Products;
			sourceTree = "<group>";
		};
/* End PBXGroup section */

/* Begin PBXNativeTarget section */
		444DF7DB2FEAC5A000F9B487 /* FanControl */ = {
			isa = PBXNativeTarget;
			buildConfigurationList = 444DF7FC2FEAC5A100F9B487 /* Build configuration list for PBXNativeTarget "FanControl" */;
			buildPhases = (
				444DF7D82FEAC5A000F9B487 /* Sources */,
				444DF7D92FEAC5A000F9B487 /* Frameworks */,
				444DF7DA2FEAC5A000F9B487 /* Resources */,
			);
			buildRules = (
			);
			fileSystemSynchronizedGroups = (
				444DF7DE2FEAC5A000F9B487 /* FanControl */,
			);
			name = FanControl;
			productName = FanControl;
			productReference = 444DF7DC2FEAC5A000F9B487 /* FanControl.app */;
			productType = "com.apple.product-type.application";
		};
		444DF7E92FEAC5A100F9B487 /* FanControlTests */ = {
			isa = PBXNativeTarget;
			buildConfigurationList = 444DF7FF2FEAC5A100F9B487 /* Build configuration list for PBXNativeTarget "FanControlTests" */;
			buildPhases = (
				444DF7E62FEAC5A100F9B487 /* Sources */,
				444DF7E72FEAC5A100F9B487 /* Frameworks */,
				444DF7E82FEAC5A100F9B487 /* Resources */,
			);
			buildRules = (
			);
			dependencies = (
				444DF7EC2FEAC5A100F9B487 /* PBXTargetDependency */,
			);
			fileSystemSynchronizedGroups = (
				444DF7ED2FEAC5A100F9B487 /* FanControlTests */,
			);
			name = FanControlTests;
			productName = FanControlTests;
			productReference = 444DF7EA2FEAC5A100F9B487 /* FanControlTests.xctest */;
			productType = "com.apple.product-type.bundle.unit-test";
		};
		444DF7F32FEAC5A100F9B487 /* FanControlUITests */ = {
			isa = PBXNativeTarget;
			buildConfigurationList = 444DF8022FEAC5A100F9B487 /* Build configuration list for PBXNativeTarget "FanControlUITests" */;
			buildPhases = (
				444DF7F02FEAC5A100F9B487 /* Sources */,
				444DF7F12FEAC5A100F9B487 /* Frameworks */,
				444DF7F22FEAC5A100F9B487 /* Resources */,
			);
			buildRules = (
			);
			dependencies = (
				444DF7F62FEAC5A100F9B487 /* PBXTargetDependency */,
			);
			fileSystemSynchronizedGroups = (
				444DF7F72FEAC5A100F9B487 /* FanControlUITests */,
			);
			name = FanControlUITests;
			productName = FanControlUITests;
			productReference = 444DF7F42FEAC5A100F9B487 /* FanControlUITests.xctest */;
			productType = "com.apple.product-type.bundle.ui-testing";
		};
/* End PBXNativeTarget section */

/* Begin PBXProject section */
		444DF7D42FEAC5A000F9B487 /* Project object */ = {
			isa = PBXProject;
			attributes = {
				BuildIndependentTargetsInParallel = 1;
				LastSwiftUpdateCheck = 2700;
				LastUpgradeCheck = 2700;
				TargetAttributes = {
					444DF7DB2FEAC5A000F9B487 = {
						CreatedOnToolsVersion = 27.0;
					};
					444DF7E92FEAC5A100F9B487 = {
						CreatedOnToolsVersion = 27.0;
						TestTargetID = 444DF7DB2FEAC5A000F9B487;
					};
					444DF7F32FEAC5A100F9B487 = {
						CreatedOnToolsVersion = 27.0;
						TestTargetID = 444DF7DB2FEAC5A000F9B487;
					};
				};
			};
			buildConfigurationList = 444DF7D72FEAC5A000F9B487 /* Build configuration list for PBXProject "FanControl" */;
			developmentRegion = en;
			hasScannedForEncodings = 0;
			knownRegions = (
				en,
				Base,
			);
			mainGroup = 444DF7D32FEAC5A000F9B487;
			minimizedProjectReferenceProxies = 1;
			preferredProjectObjectVersion = 63;
			productRefGroup = 444DF7DD2FEAC5A000F9B487 /* Products */;
			projectDirPath = "";
			projectRoot = "";
			targets = (
				444DF7DB2FEAC5A000F9B487 /* FanControl */,
				444DF7E92FEAC5A100F9B487 /* FanControlTests */,
				444DF7F32FEAC5A100F9B487 /* FanControlUITests */,
			);
		};
/* End PBXProject section */

/* Begin PBXResourcesBuildPhase section */
		444DF7DA2FEAC5A000F9B487 /* Resources */ = {
			isa = PBXResourcesBuildPhase;
			files = (
			);
		};
		444DF7E82FEAC5A100F9B487 /* Resources */ = {
			isa = PBXResourcesBuildPhase;
			files = (
			);
		};
		444DF7F22FEAC5A100F9B487 /* Resources */ = {
			isa = PBXResourcesBuildPhase;
			files = (
			);
		};
/* End PBXResourcesBuildPhase section */

/* Begin PBXSourcesBuildPhase section */
		444DF7D82FEAC5A000F9B487 /* Sources */ = {
			isa = PBXSourcesBuildPhase;
			files = (
			);
		};
		444DF7E62FEAC5A100F9B487 /* Sources */ = {
			isa = PBXSourcesBuildPhase;
			files = (
			);
		};
		444DF7F02FEAC5A100F9B487 /* Sources */ = {
			isa = PBXSourcesBuildPhase;
			files = (
			);
		};
/* End PBXSourcesBuildPhase section */

/* Begin PBXTargetDependency section */
		444DF7EC2FEAC5A100F9B487 /* PBXTargetDependency */ = {
			isa = PBXTargetDependency;
			target = 444DF7DB2FEAC5A000F9B487 /* FanControl */;
			targetProxy = 444DF7EB2FEAC5A100F9B487 /* PBXContainerItemProxy */;
		};
		444DF7F62FEAC5A100F9B487 /* PBXTargetDependency */ = {
			isa = PBXTargetDependency;
			target = 444DF7DB2FEAC5A000F9B487 /* FanControl */;
			targetProxy = 444DF7F52FEAC5A100F9B487 /* PBXContainerItemProxy */;
		};
/* End PBXTargetDependency section */

/* Begin XCBuildConfiguration section */
		444DF7FA2FEAC5A100F9B487 /* Debug configuration for PBXProject "FanControl" */ = {
			isa = XCBuildConfiguration;
			buildSettings = {
				ALWAYS_SEARCH_USER_PATHS = NO;
				ASSETCATALOG_COMPILER_GENERATE_SWIFT_ASSET_SYMBOL_EXTENSIONS = YES;
				CLANG_ANALYZER_NONNULL = YES;
				CLANG_ANALYZER_NUMBER_OBJECT_CONVERSION = YES_AGGRESSIVE;
				CLANG_CXX_LANGUAGE_STANDARD = "gnu++20";
				CLANG_ENABLE_MODULES = YES;
				CLANG_ENABLE_OBJC_ARC = YES;
				CLANG_ENABLE_OBJC_WEAK = YES;
				CLANG_WARN_BLOCK_CAPTURE_AUTORELEASING = YES;
				CLANG_WARN_BOOL_CONVERSION = YES;
				CLANG_WARN_COMMA = YES;
				CLANG_WARN_CONSTANT_CONVERSION = YES;
				CLANG_WARN_DEPRECATED_OBJC_IMPLEMENTATIONS = YES;
				CLANG_WARN_DIRECT_OBJC_ISA_USAGE = YES_ERROR;
				CLANG_WARN_DOCUMENTATION_COMMENTS = YES;
				CLANG_WARN_EMPTY_BODY = YES;
				CLANG_WARN_ENUM_CONVERSION = YES;
				CLANG_WARN_INFINITE_RECURSION = YES;
				CLANG_WARN_INT_CONVERSION = YES;
				CLANG_WARN_NON_LITERAL_NULL_CONVERSION = YES;
				CLANG_WARN_OBJC_IMPLICIT_RETAIN_SELF = YES;
				CLANG_WARN_OBJC_LITERAL_CONVERSION = YES;
				CLANG_WARN_OBJC_ROOT_CLASS = YES_ERROR;
				CLANG_WARN_QUOTED_INCLUDE_IN_FRAMEWORK_HEADER = YES;
				CLANG_WARN_RANGE_LOOP_ANALYSIS = YES;
				CLANG_WARN_STRICT_PROTOTYPES = YES;
				CLANG_WARN_SUSPICIOUS_MOVE = YES;
				CLANG_WARN_UNGUARDED_AVAILABILITY = YES_AGGRESSIVE;
				CLANG_WARN_UNREACHABLE_CODE = YES;
				CLANG_WARN__DUPLICATE_METHOD_MATCH = YES;
				COPY_PHASE_STRIP = NO;
				DEBUG_INFORMATION_FORMAT = dwarf;
				DEVELOPMENT_TEAM = F6Q22UVSYB;
				ENABLE_STRICT_OBJC_MSGSEND = YES;
				ENABLE_TESTABILITY = YES;
				ENABLE_USER_SCRIPT_SANDBOXING = YES;
				GCC_C_LANGUAGE_STANDARD = gnu17;
				GCC_DYNAMIC_NO_PIC = NO;
				GCC_NO_COMMON_BLOCKS = YES;
				GCC_OPTIMIZATION_LEVEL = 0;
				GCC_PREPROCESSOR_DEFINITIONS = (
					"DEBUG=1",
					"$(inherited)",
				);
				GCC_WARN_64_TO_32_BIT_CONVERSION = YES;
				GCC_WARN_ABOUT_RETURN_TYPE = YES_ERROR;
				GCC_WARN_UNDECLARED_SELECTOR = YES;
				GCC_WARN_UNINITIALIZED_AUTOS = YES_AGGRESSIVE;
				GCC_WARN_UNUSED_FUNCTION = YES;
				GCC_WARN_UNUSED_VARIABLE = YES;
				LOCALIZATION_PREFERS_STRING_CATALOGS = YES;
				MACOSX_DEPLOYMENT_TARGET = 27.0;
				MTL_ENABLE_DEBUG_INFO = INCLUDE_SOURCE;
				MTL_FAST_MATH = YES;
				ONLY_ACTIVE_ARCH = YES;
				SDKROOT = macosx;
				SWIFT_ACTIVE_COMPILATION_CONDITIONS = "DEBUG $(inherited)";
				SWIFT_OPTIMIZATION_LEVEL = "-Onone";
			};
			name = Debug;
		};
		444DF7FB2FEAC5A100F9B487 /* Release configuration for PBXProject "FanControl" */ = {
			isa = XCBuildConfiguration;
			buildSettings = {
				ALWAYS_SEARCH_USER_PATHS = NO;
				ASSETCATALOG_COMPILER_GENERATE_SWIFT_ASSET_SYMBOL_EXTENSIONS = YES;
				CLANG_ANALYZER_NONNULL = YES;
				CLANG_ANALYZER_NUMBER_OBJECT_CONVERSION = YES_AGGRESSIVE;
				CLANG_CXX_LANGUAGE_STANDARD = "gnu++20";
				CLANG_ENABLE_MODULES = YES;
				CLANG_ENABLE_OBJC_ARC = YES;
				CLANG_ENABLE_OBJC_WEAK = YES;
				CLANG_WARN_BLOCK_CAPTURE_AUTORELEASING = YES;
				CLANG_WARN_BOOL_CONVERSION = YES;
				CLANG_WARN_COMMA = YES;
				CLANG_WARN_CONSTANT_CONVERSION = YES;
				CLANG_WARN_DEPRECATED_OBJC_IMPLEMENTATIONS = YES;
				CLANG_WARN_DIRECT_OBJC_ISA_USAGE = YES_ERROR;
				CLANG_WARN_DOCUMENTATION_COMMENTS = YES;
				CLANG_WARN_EMPTY_BODY = YES;
				CLANG_WARN_ENUM_CONVERSION = YES;
				CLANG_WARN_INFINITE_RECURSION = YES;
				CLANG_WARN_INT_CONVERSION = YES;
				CLANG_WARN_NON_LITERAL_NULL_CONVERSION = YES;
				CLANG_WARN_OBJC_IMPLICIT_RETAIN_SELF = YES;
				CLANG_WARN_OBJC_LITERAL_CONVERSION = YES;
				CLANG_WARN_OBJC_ROOT_CLASS = YES_ERROR;
				CLANG_WARN_QUOTED_INCLUDE_IN_FRAMEWORK_HEADER = YES;
				CLANG_WARN_RANGE_LOOP_ANALYSIS = YES;
				CLANG_WARN_STRICT_PROTOTYPES = YES;
				CLANG_WARN_SUSPICIOUS_MOVE = YES;
				CLANG_WARN_UNGUARDED_AVAILABILITY = YES_AGGRESSIVE;
				CLANG_WARN_UNREACHABLE_CODE = YES;
				CLANG_WARN__DUPLICATE_METHOD_MATCH = YES;
				COPY_PHASE_STRIP = NO;
				DEBUG_INFORMATION_FORMAT = "dwarf-with-dsym";
				DEVELOPMENT_TEAM = F6Q22UVSYB;
				ENABLE_NS_ASSERTIONS = NO;
				ENABLE_STRICT_OBJC_MSGSEND = YES;
				ENABLE_USER_SCRIPT_SANDBOXING = YES;
				GCC_C_LANGUAGE_STANDARD = gnu17;
				GCC_NO_COMMON_BLOCKS = YES;
				GCC_WARN_64_TO_32_BIT_CONVERSION = YES;
				GCC_WARN_ABOUT_RETURN_TYPE = YES_ERROR;
				GCC_WARN_UNDECLARED_SELECTOR = YES;
				GCC_WARN_UNINITIALIZED_AUTOS = YES_AGGRESSIVE;
				GCC_WARN_UNUSED_FUNCTION = YES;
				GCC_WARN_UNUSED_VARIABLE = YES;
				LOCALIZATION_PREFERS_STRING_CATALOGS = YES;
				MACOSX_DEPLOYMENT_TARGET = 27.0;
				MTL_ENABLE_DEBUG_INFO = NO;
				MTL_FAST_MATH = YES;
				SDKROOT = macosx;
				SWIFT_COMPILATION_MODE = wholemodule;
			};
			name = Release;
		};
		444DF7FD2FEAC5A100F9B487 /* Debug configuration for PBXNativeTarget "FanControl" */ = {
			isa = XCBuildConfiguration;
			buildSettings = {
				ASSETCATALOG_COMPILER_APPICON_NAME = AppIcon;
				ASSETCATALOG_COMPILER_GLOBAL_ACCENT_COLOR_NAME = AccentColor;
				CODE_SIGN_STYLE = Automatic;
				COMBINE_HIDPI_IMAGES = YES;
				CURRENT_PROJECT_VERSION = 1;
				DEVELOPMENT_TEAM = F6Q22UVSYB;
				ENABLE_APP_SANDBOX = NO;
				ENABLE_HARDENED_RUNTIME = YES;
				ENABLE_USER_SELECTED_FILES = readonly;
				GENERATE_INFOPLIST_FILE = YES;
				INFOPLIST_KEY_CFBundleDisplayName = "Fan Control";
				INFOPLIST_KEY_LSApplicationCategoryType = "public.app-category.utilities";
				INFOPLIST_KEY_LSUIElement = YES;
				INFOPLIST_KEY_NSHumanReadableCopyright = "";
				INFOPLIST_KEY_NSMainNibFile = MainMenu;
				INFOPLIST_KEY_NSPrincipalClass = NSApplication;
				LD_RUNPATH_SEARCH_PATHS = (
					"$(inherited)",
					"@executable_path/../Frameworks",
				);
				MACOSX_DEPLOYMENT_TARGET = 14.6;
				MARKETING_VERSION = 1.0.0;
				PRODUCT_BUNDLE_IDENTIFIER = com.bexonbai.FanControl;
				PRODUCT_NAME = "$(TARGET_NAME)";
				REGISTER_APP_GROUPS = YES;
				STRING_CATALOG_GENERATE_SYMBOLS = YES;
				SWIFT_APPROACHABLE_CONCURRENCY = YES;
				SWIFT_DEFAULT_ACTOR_ISOLATION = MainActor;
				SWIFT_EMIT_LOC_STRINGS = YES;
				SWIFT_UPCOMING_FEATURE_MEMBER_IMPORT_VISIBILITY = YES;
				SWIFT_VERSION = 5.0;
			};
			name = Debug;
		};
		444DF7FE2FEAC5A100F9B487 /* Release configuration for PBXNativeTarget "FanControl" */ = {
			isa = XCBuildConfiguration;
			buildSettings = {
				ASSETCATALOG_COMPILER_APPICON_NAME = AppIcon;
				ASSETCATALOG_COMPILER_GLOBAL_ACCENT_COLOR_NAME = AccentColor;
				CODE_SIGN_STYLE = Automatic;
				COMBINE_HIDPI_IMAGES = YES;
				CURRENT_PROJECT_VERSION = 1;
				DEVELOPMENT_TEAM = F6Q22UVSYB;
				ENABLE_APP_SANDBOX = NO;
				ENABLE_HARDENED_RUNTIME = YES;
				ENABLE_USER_SELECTED_FILES = readonly;
				GENERATE_INFOPLIST_FILE = YES;
				INFOPLIST_KEY_CFBundleDisplayName = "Fan Control";
				INFOPLIST_KEY_LSApplicationCategoryType = "public.app-category.utilities";
				INFOPLIST_KEY_LSUIElement = YES;
				INFOPLIST_KEY_NSHumanReadableCopyright = "";
				INFOPLIST_KEY_NSMainNibFile = MainMenu;
				INFOPLIST_KEY_NSPrincipalClass = NSApplication;
				LD_RUNPATH_SEARCH_PATHS = (
					"$(inherited)",
					"@executable_path/../Frameworks",
				);
				MACOSX_DEPLOYMENT_TARGET = 14.6;
				MARKETING_VERSION = 1.0.0;
				PRODUCT_BUNDLE_IDENTIFIER = com.bexonbai.FanControl;
				PRODUCT_NAME = "$(TARGET_NAME)";
				REGISTER_APP_GROUPS = YES;
				STRING_CATALOG_GENERATE_SYMBOLS = YES;
				SWIFT_APPROACHABLE_CONCURRENCY = YES;
				SWIFT_DEFAULT_ACTOR_ISOLATION = MainActor;
				SWIFT_EMIT_LOC_STRINGS = YES;
				SWIFT_UPCOMING_FEATURE_MEMBER_IMPORT_VISIBILITY = YES;
				SWIFT_VERSION = 5.0;
			};
			name = Release;
		};
		444DF8002FEAC5A100F9B487 /* Debug configuration for PBXNativeTarget "FanControlTests" */ = {
			isa = XCBuildConfiguration;
			buildSettings = {
				BUNDLE_LOADER = "$(TEST_HOST)";
				CODE_SIGN_STYLE = Automatic;
				CURRENT_PROJECT_VERSION = 1;
				DEVELOPMENT_TEAM = F6Q22UVSYB;
				GENERATE_INFOPLIST_FILE = YES;
				MACOSX_DEPLOYMENT_TARGET = 27.0;
				MARKETING_VERSION = 1.0;
				PRODUCT_BUNDLE_IDENTIFIER = com.bexonbai.FanControlTests;
				PRODUCT_NAME = "$(TARGET_NAME)";
				STRING_CATALOG_GENERATE_SYMBOLS = NO;
				SWIFT_APPROACHABLE_CONCURRENCY = YES;
				SWIFT_EMIT_LOC_STRINGS = NO;
				SWIFT_UPCOMING_FEATURE_MEMBER_IMPORT_VISIBILITY = YES;
				SWIFT_VERSION = 5.0;
				TEST_HOST = "$(BUILT_PRODUCTS_DIR)/FanControl.app/$(BUNDLE_EXECUTABLE_FOLDER_PATH)/FanControl";
			};
			name = Debug;
		};
		444DF8012FEAC5A100F9B487 /* Release configuration for PBXNativeTarget "FanControlTests" */ = {
			isa = XCBuildConfiguration;
			buildSettings = {
				BUNDLE_LOADER = "$(TEST_HOST)";
				CODE_SIGN_STYLE = Automatic;
				CURRENT_PROJECT_VERSION = 1;
				DEVELOPMENT_TEAM = F6Q22UVSYB;
				GENERATE_INFOPLIST_FILE = YES;
				MACOSX_DEPLOYMENT_TARGET = 27.0;
				MARKETING_VERSION = 1.0;
				PRODUCT_BUNDLE_IDENTIFIER = com.bexonbai.FanControlTests;
				PRODUCT_NAME = "$(TARGET_NAME)";
				STRING_CATALOG_GENERATE_SYMBOLS = NO;
				SWIFT_APPROACHABLE_CONCURRENCY = YES;
				SWIFT_EMIT_LOC_STRINGS = NO;
				SWIFT_UPCOMING_FEATURE_MEMBER_IMPORT_VISIBILITY = YES;
				SWIFT_VERSION = 5.0;
				TEST_HOST = "$(BUILT_PRODUCTS_DIR)/FanControl.app/$(BUNDLE_EXECUTABLE_FOLDER_PATH)/FanControl";
			};
			name = Release;
		};
		444DF8032FEAC5A100F9B487 /* Debug configuration for PBXNativeTarget "FanControlUITests" */ = {
			isa = XCBuildConfiguration;
			buildSettings = {
				CODE_SIGN_STYLE = Automatic;
				CURRENT_PROJECT_VERSION = 1;
				DEVELOPMENT_TEAM = F6Q22UVSYB;
				GENERATE_INFOPLIST_FILE = YES;
				MARKETING_VERSION = 1.0;
				PRODUCT_BUNDLE_IDENTIFIER = com.bexonbai.FanControlUITests;
				PRODUCT_NAME = "$(TARGET_NAME)";
				STRING_CATALOG_GENERATE_SYMBOLS = NO;
				SWIFT_APPROACHABLE_CONCURRENCY = YES;
				SWIFT_EMIT_LOC_STRINGS = NO;
				SWIFT_UPCOMING_FEATURE_MEMBER_IMPORT_VISIBILITY = YES;
				SWIFT_VERSION = 5.0;
				TEST_TARGET_NAME = FanControl;
			};
			name = Debug;
		};
		444DF8042FEAC5A100F9B487 /* Release configuration for PBXNativeTarget "FanControlUITests" */ = {
			isa = XCBuildConfiguration;
			buildSettings = {
				CODE_SIGN_STYLE = Automatic;
				CURRENT_PROJECT_VERSION = 1;
				DEVELOPMENT_TEAM = F6Q22UVSYB;
				GENERATE_INFOPLIST_FILE = YES;
				MARKETING_VERSION = 1.0;
				PRODUCT_BUNDLE_IDENTIFIER = com.bexonbai.FanControlUITests;
				PRODUCT_NAME = "$(TARGET_NAME)";
				STRING_CATALOG_GENERATE_SYMBOLS = NO;
				SWIFT_APPROACHABLE_CONCURRENCY = YES;
				SWIFT_EMIT_LOC_STRINGS = NO;
				SWIFT_UPCOMING_FEATURE_MEMBER_IMPORT_VISIBILITY = YES;
				SWIFT_VERSION = 5.0;
				TEST_TARGET_NAME = FanControl;
			};
			name = Release;
		};
/* End XCBuildConfiguration section */

/* Begin XCConfigurationList section */
		444DF7D72FEAC5A000F9B487 /* Build configuration list for PBXProject "FanControl" */ = {
			isa = XCConfigurationList;
			buildConfigurations = (
				444DF7FA2FEAC5A100F9B487 /* Debug configuration for PBXProject "FanControl" */,
				444DF7FB2FEAC5A100F9B487 /* Release configuration for PBXProject "FanControl" */,
			);
			defaultConfigurationName = Release;
		};
		444DF7FC2FEAC5A100F9B487 /* Build configuration list for PBXNativeTarget "FanControl" */ = {
			isa = XCConfigurationList;
			buildConfigurations = (
				444DF7FD2FEAC5A100F9B487 /* Debug configuration for PBXNativeTarget "FanControl" */,
				444DF7FE2FEAC5A100F9B487 /* Release configuration for PBXNativeTarget "FanControl" */,
			);
			defaultConfigurationName = Release;
		};
		444DF7FF2FEAC5A100F9B487 /* Build configuration list for PBXNativeTarget "FanControlTests" */ = {
			isa = XCConfigurationList;
			buildConfigurations = (
				444DF8002FEAC5A100F9B487 /* Debug configuration for PBXNativeTarget "FanControlTests" */,
				444DF8012FEAC5A100F9B487 /* Release configuration for PBXNativeTarget "FanControlTests" */,
			);
			defaultConfigurationName = Release;
		};
		444DF8022FEAC5A100F9B487 /* Build configuration list for PBXNativeTarget "FanControlUITests" */ = {
			isa = XCConfigurationList;
			buildConfigurations = (
				444DF8032FEAC5A100F9B487 /* Debug configuration for PBXNativeTarget "FanControlUITests" */,
				444DF8042FEAC5A100F9B487 /* Release configuration for PBXNativeTarget "FanControlUITests" */,
			);
			defaultConfigurationName = Release;
		};
/* End XCConfigurationList section */
	};
	rootObject = 444DF7D42FEAC5A000F9B487 /* Project object */;
	validationLevel = 1;
}
